
Microsoft Visual Studio Solution File, Format Version 12.00
# Visual Studio Version 16
VisualStudioVersion = 16.0.31829.152
MinimumVisualStudioVersion = 10.0.40219.1
Project("{FAE04EC0-301F-11D3-BF4B-00C04F79EFBC}") = "CSh_Lab_8", "CSh_Lab_8.csproj", "{55D69D02-D08B-4036-B521-BC3552891F26}"
EndProject
Global
	GlobalSection(SolutionConfigurationPlatforms) = preSolution
		Debug|Any CPU = Debug|Any CPU
		Release|Any CPU = Release|Any CPU
	EndGlobalSection
	GlobalSection(ProjectConfigurationPlatforms) = postSolution
		{55D69D02-D08B-4036-B521-BC3552891F26}.Debug|Any CPU.ActiveCfg = Debug|Any CPU
		{55D69D02-D08B-4036-B521-BC3552891F26}.Debug|Any CPU.Build.0 = Debug|Any CPU
		{55D69D02-D08B-4036-B521-BC3552891F26}.Release|Any CPU.ActiveCfg = Release|Any CPU
		{55D69D02-D08B-4036-B521-BC3552891F26}.Release|Any CPU.Build.0 = Release|Any CPU
	EndGlobalSection
	GlobalSection(SolutionProperties) = preSolution
		HideSolutionNode = FALSE
	EndGlobalSection
	GlobalSection(ExtensibilityGlobals) = postSolution
		SolutionGuid = {F066072C-E007-4BB1-A2BC-A3B358E646B7}
	EndGlobalSection
EndGlobal
